// !$*UTF8*$!
{
	archiveVersion = 1;
	classes = {
	};
	objectVersion = 48;
	objects = {

/* Begin PBXBuildFile section */
		8F72068320898E9B00D72C25 /* AppDelegate.m in Sources */ = {isa = PBXBuildFile; fileRef = 8F72068220898E9B00D72C25 /* AppDelegate.m */; };
		8F72068620898E9B00D72C25 /* ViewController.m in Sources */ = {isa = PBXBuildFile; fileRef = 8F72068520898E9B00D72C25 /* ViewController.m */; };
		8F72068920898E9B00D72C25 /* Main.storyboard in Resources */ = {isa = PBXBuildFile; fileRef = 8F72068720898E9B00D72C25 /* Main.storyboard */; };
		8F72068B20898E9B00D72C25 /* Assets.xcassets in Resources */ = {isa = PBXBuildFile; fileRef = 8F72068A20898E9B00D72C25 /* Assets.xcassets */; };
		8F72068E20898E9B00D72C25 /* LaunchScreen.storyboard in Resources */ = {isa = PBXBuildFile; fileRef = 8F72068C20898E9B00D72C25 /* LaunchScreen.storyboard */; };
		8F72069120898E9B00D72C25 /* main.m in Sources */ = {isa = PBXBuildFile; fileRef = 8F72069020898E9B00D72C25 /* main.m */; };
		8F7206992089C3B800D72C25 /* ContainerViewController.m in Sources */ = {isa = PBXBuildFile; fileRef = 8F7206982089C3B800D72C25 /* ContainerViewController.m */; };
		8F72069C2089C57300D72C25 /* MenuViewController.m in Sources */ = {isa = PBXBuildFile; fileRef = 8F72069B2089C57300D72C25 /* MenuViewController.m */; };
		8F72069F2089CB9300D72C25 /* FirstViewController.m in Sources */ = {isa = PBXBuildFile; fileRef = 8F72069E2089CB9300D72C25 /* FirstViewController.m */; };
		8F7206A22089CBA500D72C25 /* SecondViewController.m in Sources */ = {isa = PBXBuildFile; fileRef = 8F7206A12089CBA500D72C25 /* SecondViewController.m */; };
/* End PBXBuildFile section */

/* Begin PBXFileReference section */
		8F72067E20898E9B00D72C25 /* Test.app */ = {isa = PBXFileReference; explicitFileType = wrapper.application; includeInIndex = 0; path = Test.app; sourceTree = BUILT_PRODUCTS_DIR; };
		8F72068120898E9B00D72C25 /* AppDelegate.h */ = {isa = PBXFileReference; lastKnownFileType = sourcecode.c.h; path = AppDelegate.h; sourceTree = "<group>"; };
		8F72068220898E9B00D72C25 /* AppDelegate.m */ = {isa = PBXFileReference; lastKnownFileType = sourcecode.c.objc; path = AppDelegate.m; sourceTree = "<group>"; };
		8F72068420898E9B00D72C25 /* ViewController.h */ = {isa = PBXFileReference; lastKnownFileType = sourcecode.c.h; path = ViewController.h; sourceTree = "<group>"; };
		8F72068520898E9B00D72C25 /* ViewController.m */ = {isa = PBXFileReference; lastKnownFileType = sourcecode.c.objc; path = ViewController.m; sourceTree = "<group>"; };
		8F72068820898E9B00D72C25 /* Base */ = {isa = PBXFileReference; lastKnownFileType = file.storyboard; name = Base; path = Base.lproj/Main.storyboard; sourceTree = "<group>"; };
		8F72068A20898E9B00D72C25 /* Assets.xcassets */ = {isa = PBXFileReference; lastKnownFileType = folder.assetcatalog; path = Assets.xcassets; sourceTree = "<group>"; };
		8F72068D20898E9B00D72C25 /* Base */ = {isa = PBXFileReference; lastKnownFileType = file.storyboard; name = Base; path = Base.lproj/LaunchScreen.storyboard; sourceTree = "<group>"; };
		8F72068F20898E9B00D72C25 /* Info.plist */ = {isa = PBXFileReference; lastKnownFileType = text.plist.xml; path = Info.plist; sourceTree = "<group>"; };
		8F72069020898E9B00D72C25 /* main.m */ = {isa = PBXFileReference; lastKnownFileType = sourcecode.c.objc; path = main.m; sourceTree = "<group>"; };
		8F7206972089C3B800D72C25 /* ContainerViewController.h */ = {isa = PBXFileReference; lastKnownFileType = sourcecode.c.h; path = ContainerViewController.h; sourceTree = "<group>"; };
		8F7206982089C3B800D72C25 /* ContainerViewController.m */ = {isa = PBXFileReference; lastKnownFileType = sourcecode.c.objc; path = ContainerViewController.m; sourceTree = "<group>"; };
		8F72069A2089C57300D72C25 /* MenuViewController.h */ = {isa = PBXFileReference; lastKnownFileType = sourcecode.c.h; path = MenuViewController.h; sourceTree = "<group>"; };
		8F72069B2089C57300D72C25 /* MenuViewController.m */ = {isa = PBXFileReference; lastKnownFileType = sourcecode.c.objc; path = MenuViewController.m; sourceTree = "<group>"; };
		8F72069D2089CB9300D72C25 /* FirstViewController.h */ = {isa = PBXFileReference; lastKnownFileType = sourcecode.c.h; path = FirstViewController.h; sourceTree = "<group>"; };
		8F72069E2089CB9300D72C25 /* FirstViewController.m */ = {isa = PBXFileReference; lastKnownFileType = sourcecode.c.objc; path = FirstViewController.m; sourceTree = "<group>"; };
		8F7206A02089CBA500D72C25 /* SecondViewController.h */ = {isa = PBXFileReference; lastKnownFileType = sourcecode.c.h; path = SecondViewController.h; sourceTree = "<group>"; };
		8F7206A12089CBA500D72C25 /* SecondViewController.m */ = {isa = PBXFileReference; lastKnownFileType = sourcecode.c.objc; path = SecondViewController.m; sourceTree = "<group>"; };
/* End PBXFileReference section */

/* Begin PBXFrameworksBuildPhase section */
		8F72067B20898E9B00D72C25 /* Frameworks */ = {
			isa = PBXFrameworksBuildPhase;
			buildActionMask = 2147483647;
			files = (
			);
			runOnlyForDeploymentPostprocessing = 0;
		};
/* End PBXFrameworksBuildPhase section */

/* Begin PBXGroup section */
		8F72067520898E9B00D72C25 = {
			isa = PBXGroup;
			children = (
				8F72068020898E9B00D72C25 /* Test */,
				8F72067F20898E9B00D72C25 /* Products */,
			);
			sourceTree = "<group>";
		};
		8F72067F20898E9B00D72C25 /* Products */ = {
			isa = PBXGroup;
			children = (
				8F72067E20898E9B00D72C25 /* Test.app */,
			);
			name = Products;
			sourceTree = "<group>";
		};
		8F72068020898E9B00D72C25 /* Test */ = {
			isa = PBXGroup;
			children = (
				8F72068120898E9B00D72C25 /* AppDelegate.h */,
				8F72068220898E9B00D72C25 /* AppDelegate.m */,
				8F72069A2089C57300D72C25 /* MenuViewController.h */,
				8F72069B2089C57300D72C25 /* MenuViewController.m */,
				8F72068420898E9B00D72C25 /* ViewController.h */,
				8F72068520898E9B00D72C25 /* ViewController.m */,
				8F7206972089C3B800D72C25 /* ContainerViewController.h */,
				8F7206982089C3B800D72C25 /* ContainerViewController.m */,
				8F72069D2089CB9300D72C25 /* FirstViewController.h */,
				8F72069E2089CB9300D72C25 /* FirstViewController.m */,
				8F7206A02089CBA500D72C25 /* SecondViewController.h */,
				8F7206A12089CBA500D72C25 /* SecondViewController.m */,
				8F72068720898E9B00D72C25 /* Main.storyboard */,
				8F72068A20898E9B00D72C25 /* Assets.xcassets */,
				8F72068C20898E9B00D72C25 /* LaunchScreen.storyboard */,
				8F72068F20898E9B00D72C25 /* Info.plist */,
				8F72069020898E9B00D72C25 /* main.m */,
			);
			path = Test;
			sourceTree = "<group>";
		};
/* End PBXGroup section */

/* Begin PBXNativeTarget section */
		8F72067D20898E9B00D72C25 /* Test */ = {
			isa = PBXNativeTarget;
			buildConfigurationList = 8F72069420898E9B00D72C25 /* Build configuration list for PBXNativeTarget "Test" */;
			buildPhases = (
				8F72067A20898E9B00D72C25 /* Sources */,
				8F72067B20898E9B00D72C25 /* Frameworks */,
				8F72067C20898E9B00D72C25 /* Resources */,
			);
			buildRules = (
			);
			dependencies = (
			);
			name = Test;
			productName = Test;
			productReference = 8F72067E20898E9B00D72C25 /* Test.app */;
			productType = "com.apple.product-type.application";
		};
/* End PBXNativeTarget section */

/* Begin PBXProject section */
		8F72067620898E9B00D72C25 /* Project object */ = {
			isa = PBXProject;
			attributes = {
				LastUpgradeCheck = 0920;
				ORGANIZATIONNAME = chuitian.yyy;
				TargetAttributes = {
					8F72067D20898E9B00D72C25 = {
						CreatedOnToolsVersion = 9.2;
						ProvisioningStyle = Automatic;
					};
				};
			};
			buildConfigurationList = 8F72067920898E9B00D72C25 /* Build configuration list for PBXProject "Test" */;
			compatibilityVersion = "Xcode 8.0";
			developmentRegion = en;
			hasScannedForEncodings = 0;
			knownRegions = (
				en,
				Base,
			);
			mainGroup = 8F72067520898E9B00D72C25;
			productRefGroup = 8F72067F20898E9B00D72C25 /* Products */;
			projectDirPath = "";
			projectRoot = "";
			targets = (
				8F72067D20898E9B00D72C25 /* Test */,
			);
		};
/* End PBXProject section */

/* Begin PBXResourcesBuildPhase section */
		8F72067C20898E9B00D72C25 /* Resources */ = {
			isa = PBXResourcesBuildPhase;
			buildActionMask = 2147483647;
			files = (
				8F72068E20898E9B00D72C25 /* LaunchScreen.storyboard in Resources */,
				8F72068B20898E9B00D72C25 /* Assets.xcassets in Resources */,
				8F72068920898E9B00D72C25 /* Main.storyboard in Resources */,
			);
			runOnlyForDeploymentPostprocessing = 0;
		};
/* End PBXResourcesBuildPhase section */

/* Begin PBXSourcesBuildPhase section */
		8F72067A20898E9B00D72C25 /* Sources */ = {
			isa = PBXSourcesBuildPhase;
			buildActionMask = 2147483647;
			files = (
				8F72068620898E9B00D72C25 /* ViewController.m in Sources */,
				8F72069F2089CB9300D72C25 /* FirstViewController.m in Sources */,
				8F72069120898E9B00D72C25 /* main.m in Sources */,
				8F7206A22089CBA500D72C25 /* SecondViewController.m in Sources */,
				8F7206992089C3B800D72C25 /* ContainerViewController.m in Sources */,
				8F72068320898E9B00D72C25 /* AppDelegate.m in Sources */,
				8F72069C2089C57300D72C25 /* MenuViewController.m in Sources */,
			);
			runOnlyForDeploymentPostprocessing = 0;
		};
/* End PBXSourcesBuildPhase section */

/* Begin PBXVariantGroup section */
		8F72068720898E9B00D72C25 /* Main.storyboard */ = {
			isa = PBXVariantGroup;
			children = (
				8F72068820898E9B00D72C25 /* Base */,
			);
			name = Main.storyboard;
			sourceTree = "<group>";
		};
		8F72068C20898E9B00D72C25 /* LaunchScreen.storyboard */ = {
			isa = PBXVariantGroup;
			children = (
				8F72068D20898E9B00D72C25 /* Base */,
			);
			name = LaunchScreen.storyboard;
			sourceTree = "<group>";
		};
/* End PBXVariantGroup section */

/* Begin XCBuildConfiguration section */
		8F72069220898E9B00D72C25 /* Debug */ = {
			isa = XCBuildConfiguration;
			buildSettings = {
				ALWAYS_SEARCH_USER_PATHS = NO;
				CLANG_ANALYZER_NONNULL = YES;
				CLANG_ANALYZER_NUMBER_OBJECT_CONVERSION = YES_AGGRESSIVE;
				CLANG_CXX_LANGUAGE_STANDARD = "gnu++14";
				CLANG_CXX_LIBRARY = "libc++";
				CLANG_ENABLE_MODULES = YES;
				CLANG_ENABLE_OBJC_ARC = YES;
				CLANG_WARN_BLOCK_CAPTURE_AUTORELEASING = YES;
				CLANG_WARN_BOOL_CONVERSION = YES;
				CLANG_WARN_COMMA = YES;
				CLANG_WARN_CONSTANT_CONVERSION = YES;
				CLANG_WARN_DIRECT_OBJC_ISA_USAGE = YES_ERROR;
				CLANG_WARN_DOCUMENTATION_COMMENTS = YES;
				CLANG_WARN_EMPTY_BODY = YES;
				CLANG_WARN_ENUM_CONVERSION = YES;
				CLANG_WARN_INFINITE_RECURSION = YES;
				CLANG_WARN_INT_CONVERSION = YES;
				CLANG_WARN_NON_LITERAL_NULL_CONVERSION = YES;
				CLANG_WARN_OBJC_LITERAL_CONVERSION = YES;
				CLANG_WARN_OBJC_ROOT_CLASS = YES_ERROR;
				CLANG_WARN_RANGE_LOOP_ANALYSIS = YES;
				CLANG_WARN_STRICT_PROTOTYPES = YES;
				CLANG_WARN_SUSPICIOUS_MOVE = YES;
				CLANG_WARN_UNGUARDED_AVAILABILITY = YES_AGGRESSIVE;
				CLANG_WARN_UNREACHABLE_CODE = YES;
				CLANG_WARN__DUPLICATE_METHOD_MATCH = YES;
				CODE_SIGN_IDENTITY = "iPhone Developer";
				COPY_PHASE_STRIP = NO;
				DEBUG_INFORMATION_FORMAT = dwarf;
				ENABLE_STRICT_OBJC_MSGSEND = YES;
				ENABLE_TESTABILITY = YES;
				GCC_C_LANGUAGE_STANDARD = gnu11;
				GCC_DYNAMIC_NO_PIC = NO;
				GCC_NO_COMMON_BLOCKS = YES;
				GCC_OPTIMIZATION_LEVEL = 0;
				GCC_PREPROCESSOR_DEFINITIONS = (
					"DEBUG=1",
					"$(inherited)",
				);
				GCC_WARN_64_TO_32_BIT_CONVERSION = YES;
				GCC_WARN_ABOUT_RETURN_TYPE = YES_ERROR;
				GCC_WARN_UNDECLARED_SELECTOR = YES;
				GCC_WARN_UNINITIALIZED_AUTOS = YES_AGGRESSIVE;
				GCC_WARN_UNUSED_FUNCTION = YES;
				GCC_WARN_UNUSED_VARIABLE = YES;
				IPHONEOS_DEPLOYMENT_TARGET = 11.2;
				MTL_ENABLE_DEBUG_INFO = YES;
				ONLY_ACTIVE_ARCH = YES;
				SDKROOT = iphoneos;
			};
			name = Debug;
		};
		8F72069320898E9B00D72C25 /* Release */ = {
			isa = XCBuildConfiguration;
			buildSettings = {
				ALWAYS_SEARCH_USER_PATHS = NO;
				CLANG_ANALYZER_NONNULL = YES;
				CLANG_ANALYZER_NUMBER_OBJECT_CONVERSION = YES_AGGRESSIVE;
				CLANG_CXX_LANGUAGE_STANDARD = "gnu++14";
				CLANG_CXX_LIBRARY = "libc++";
				CLANG_ENABLE_MODULES = YES;
				CLANG_ENABLE_OBJC_ARC = YES;
				CLANG_WARN_BLOCK_CAPTURE_AUTORELEASING = YES;
				CLANG_WARN_BOOL_CONVERSION = YES;
				CLANG_WARN_COMMA = YES;
				CLANG_WARN_CONSTANT_CONVERSION = YES;
				CLANG_WARN_DIRECT_OBJC_ISA_USAGE = YES_ERROR;
				CLANG_WARN_DOCUMENTATION_COMMENTS = YES;
				CLANG_WARN_EMPTY_BODY = YES;
				CLANG_WARN_ENUM_CONVERSION = YES;
				CLANG_WARN_INFINITE_RECURSION = YES;
				CLANG_WARN_INT_CONVERSION = YES;
				CLANG_WARN_NON_LITERAL_NULL_CONVERSION = YES;
				CLANG_WARN_OBJC_LITERAL_CONVERSION = YES;
				CLANG_WARN_OBJC_ROOT_CLASS = YES_ERROR;
				CLANG_WARN_RANGE_LOOP_ANALYSIS = YES;
				CLANG_WARN_STRICT_PROTOTYPES = YES;
				CLANG_WARN_SUSPICIOUS_MOVE = YES;
				CLANG_WARN_UNGUARDED_AVAILABILITY = YES_AGGRESSIVE;
				CLANG_WARN_UNREACHABLE_CODE = YES;
				CLANG_WARN__DUPLICATE_METHOD_MATCH = YES;
				CODE_SIGN_IDENTITY = "iPhone Developer";
				COPY_PHASE_STRIP = NO;
				DEBUG_INFORMATION_FORMAT = "dwarf-with-dsym";
				ENABLE_NS_ASSERTIONS = NO;
				ENABLE_STRICT_OBJC_MSGSEND = YES;
				GCC_C_LANGUAGE_STANDARD = gnu11;
				GCC_NO_COMMON_BLOCKS = YES;
				GCC_WARN_64_TO_32_BIT_CONVERSION = YES;
				GCC_WARN_ABOUT_RETURN_TYPE = YES_ERROR;
				GCC_WARN_UNDECLARED_SELECTOR = YES;
				GCC_WARN_UNINITIALIZED_AUTOS = YES_AGGRESSIVE;
				GCC_WARN_UNUSED_FUNCTION = YES;
				GCC_WARN_UNUSED_VARIABLE = YES;
				IPHONEOS_DEPLOYMENT_TARGET = 11.2;
				MTL_ENABLE_DEBUG_INFO = NO;
				SDKROOT = iphoneos;
				VALIDATE_PRODUCT = YES;
			};
			name = Release;
		};
		8F72069520898E9B00D72C25 /* Debug */ = {
			isa = XCBuildConfiguration;
			buildSettings = {
				ASSETCATALOG_COMPILER_APPICON_NAME = AppIcon;
				CODE_SIGN_STYLE = Automatic;
				INFOPLIST_FILE = Test/Info.plist;
				LD_RUNPATH_SEARCH_PATHS = "$(inherited) @executable_path/Frameworks";
				PRODUCT_BUNDLE_IDENTIFIER = com.yuanyuan.Test;
				PRODUCT_NAME = "$(TARGET_NAME)";
				TARGETED_DEVICE_FAMILY = "1,2";
			};
			name = Debug;
		};
		8F72069620898E9B00D72C25 /* Release */ = {
			isa = XCBuildConfiguration;
			buildSettings = {
				ASSETCATALOG_COMPILER_APPICON_NAME = AppIcon;
				CODE_SIGN_STYLE = Automatic;
				INFOPLIST_FILE = Test/Info.plist;
				LD_RUNPATH_SEARCH_PATHS = "$(inherited) @executable_path/Frameworks";
				PRODUCT_BUNDLE_IDENTIFIER = com.yuanyuan.Test;
				PRODUCT_NAME = "$(TARGET_NAME)";
				TARGETED_DEVICE_FAMILY = "1,2";
			};
			name = Release;
		};
/* End XCBuildConfiguration section */

/* Begin XCConfigurationList section */
		8F72067920898E9B00D72C25 /* Build configuration list for PBXProject "Test" */ = {
			isa = XCConfigurationList;
			buildConfigurations = (
				8F72069220898E9B00D72C25 /* Debug */,
				8F72069320898E9B00D72C25 /* Release */,
			);
			defaultConfigurationIsVisible = 0;
			defaultConfigurationName = Release;
		};
		8F72069420898E9B00D72C25 /* Build configuration list for PBXNativeTarget "Test" */ = {
			isa = XCConfigurationList;
			buildConfigurations = (
				8F72069520898E9B00D72C25 /* Debug */,
				8F72069620898E9B00D72C25 /* Release */,
			);
			defaultConfigurationIsVisible = 0;
			defaultConfigurationName = Release;
		};
/* End XCConfigurationList section */
	};
	rootObject = 8F72067620898E9B00D72C25 /* Project object */;
}
